
Microsoft Visual Studio Solution File, Format Version 12.00
# Visual Studio Version 16
VisualStudioVersion = 16.0.31229.75
MinimumVisualStudioVersion = 10.0.40219.1
Project("{FAE04EC0-301F-11D3-BF4B-00C04F79EFBC}") = "Lesson4Work3", "Lesson4Work3\Lesson4Work3.csproj", "{931D6CE7-AFAE-4BEA-B50B-1A6798A262D6}"
EndProject
Global
	GlobalSection(SolutionConfigurationPlatforms) = preSolution
		Debug|Any CPU = Debug|Any CPU
		Release|Any CPU = Release|Any CPU
	EndGlobalSection
	GlobalSection(ProjectConfigurationPlatforms) = postSolution
		{931D6CE7-AFAE-4BEA-B50B-1A6798A262D6}.Debug|Any CPU.ActiveCfg = Debug|Any CPU
		{931D6CE7-AFAE-4BEA-B50B-1A6798A262D6}.Debug|Any CPU.Build.0 = Debug|Any CPU
		{931D6CE7-AFAE-4BEA-B50B-1A6798A262D6}.Release|Any CPU.ActiveCfg = Release|Any CPU
		{931D6CE7-AFAE-4BEA-B50B-1A6798A262D6}.Release|Any CPU.Build.0 = Release|Any CPU
	EndGlobalSection
	GlobalSection(SolutionProperties) = preSolution
		HideSolutionNode = FALSE
	EndGlobalSection
	GlobalSection(ExtensibilityGlobals) = postSolution
		SolutionGuid = {B01265B8-C075-4680-951E-F0D02D959B5A}
	EndGlobalSection
EndGlobal
